// !$*UTF8*$!
{
	archiveVersion = 1;
	classes = {
	};
	objectVersion = 56;
	objects = {

/* Begin PBXBuildFile section */
		4471AB622AD6B2EB008C78A0 /* ANEGLFW_Mac.docc in Sources */ = {isa = PBXBuildFile; fileRef = 4471AB612AD6B2EB008C78A0 /* ANEGLFW_Mac.docc */; };
		4471AB682AD6B2EB008C78A0 /* ANEGLFW_Mac.framework in Frameworks */ = {isa = PBXBuildFile; fileRef = 4471AB5D2AD6B2EB008C78A0 /* ANEGLFW_Mac.framework */; };
		4471AB6D2AD6B2EB008C78A0 /* ANEGLFW_MacTests.m in Sources */ = {isa = PBXBuildFile; fileRef = 4471AB6C2AD6B2EB008C78A0 /* ANEGLFW_MacTests.m */; };
		4471AB6E2AD6B2EB008C78A0 /* ANEGLFW_Mac.h in Headers */ = {isa = PBXBuildFile; fileRef = 4471AB602AD6B2EB008C78A0 /* ANEGLFW_Mac.h */; settings = {ATTRIBUTES = (Public, ); }; };
		4471AB732AD6B303008C78A0 /* ANEUtils.h in Headers */ = {isa = PBXBuildFile; fileRef = 4471AB702AD6B300008C78A0 /* ANEUtils.h */; };
		4471AB742AD6B304008C78A0 /* ANEUtils.mm in Sources */ = {isa = PBXBuildFile; fileRef = 4471AB712AD6B301008C78A0 /* ANEUtils.mm */; };
		4471AB752AD6B305008C78A0 /* ANEGLFW_Mac.mm in Sources */ = {isa = PBXBuildFile; fileRef = 4471AB722AD6B302008C78A0 /* ANEGLFW_Mac.mm */; };
/* End PBXBuildFile section */

/* Begin PBXContainerItemProxy section */
		4471AB692AD6B2EB008C78A0 /* PBXContainerItemProxy */ = {
			isa = PBXContainerItemProxy;
			containerPortal = 4471AB542AD6B2EB008C78A0 /* Project object */;
			proxyType = 1;
			remoteGlobalIDString = 4471AB5C2AD6B2EB008C78A0;
			remoteInfo = "ANEGLFW-Mac";
		};
/* End PBXContainerItemProxy section */

/* Begin PBXFileReference section */
		4471AB5D2AD6B2EB008C78A0 /* ANEGLFW_Mac.framework */ = {isa = PBXFileReference; explicitFileType = wrapper.framework; includeInIndex = 0; path = ANEGLFW_Mac.framework; sourceTree = BUILT_PRODUCTS_DIR; };
		4471AB602AD6B2EB008C78A0 /* ANEGLFW_Mac.h */ = {isa = PBXFileReference; lastKnownFileType = sourcecode.c.h; path = ANEGLFW_Mac.h; sourceTree = "<group>"; };
		4471AB612AD6B2EB008C78A0 /* ANEGLFW_Mac.docc */ = {isa = PBXFileReference; lastKnownFileType = folder.documentationcatalog; path = ANEGLFW_Mac.docc; sourceTree = "<group>"; };
		4471AB672AD6B2EB008C78A0 /* ANEGLFW-MacTests.xctest */ = {isa = PBXFileReference; explicitFileType = wrapper.cfbundle; includeInIndex = 0; path = "ANEGLFW-MacTests.xctest"; sourceTree = BUILT_PRODUCTS_DIR; };
		4471AB6C2AD6B2EB008C78A0 /* ANEGLFW_MacTests.m */ = {isa = PBXFileReference; lastKnownFileType = sourcecode.c.objc; path = ANEGLFW_MacTests.m; sourceTree = "<group>"; };
		4471AB702AD6B300008C78A0 /* ANEUtils.h */ = {isa = PBXFileReference; lastKnownFileType = sourcecode.c.h; path = ANEUtils.h; sourceTree = "<group>"; };
		4471AB712AD6B301008C78A0 /* ANEUtils.mm */ = {isa = PBXFileReference; lastKnownFileType = sourcecode.cpp.objcpp; path = ANEUtils.mm; sourceTree = "<group>"; };
		4471AB722AD6B302008C78A0 /* ANEGLFW_Mac.mm */ = {isa = PBXFileReference; lastKnownFileType = sourcecode.cpp.objcpp; path = ANEGLFW_Mac.mm; sourceTree = "<group>"; };
/* End PBXFileReference section */

/* Begin PBXFrameworksBuildPhase section */
		4471AB5A2AD6B2EB008C78A0 /* Frameworks */ = {
			isa = PBXFrameworksBuildPhase;
			buildActionMask = 2147483647;
			files = (
			);
			runOnlyForDeploymentPostprocessing = 0;
		};
		4471AB642AD6B2EB008C78A0 /* Frameworks */ = {
			isa = PBXFrameworksBuildPhase;
			buildActionMask = 2147483647;
			files = (
				4471AB682AD6B2EB008C78A0 /* ANEGLFW_Mac.framework in Frameworks */,
			);
			runOnlyForDeploymentPostprocessing = 0;
		};
/* End PBXFrameworksBuildPhase section */

/* Begin PBXGroup section */
		4471AB532AD6B2EB008C78A0 = {
			isa = PBXGroup;
			children = (
				4471AB5F2AD6B2EB008C78A0 /* ANEGLFW-Mac */,
				4471AB6B2AD6B2EB008C78A0 /* ANEGLFW-MacTests */,
				4471AB5E2AD6B2EB008C78A0 /* Products */,
			);
			sourceTree = "<group>";
		};
		4471AB5E2AD6B2EB008C78A0 /* Products */ = {
			isa = PBXGroup;
			children = (
				4471AB5D2AD6B2EB008C78A0 /* ANEGLFW_Mac.framework */,
				4471AB672AD6B2EB008C78A0 /* ANEGLFW-MacTests.xctest */,
			);
			name = Products;
			sourceTree = "<group>";
		};
		4471AB5F2AD6B2EB008C78A0 /* ANEGLFW-Mac */ = {
			isa = PBXGroup;
			children = (
				4471AB602AD6B2EB008C78A0 /* ANEGLFW_Mac.h */,
				4471AB702AD6B300008C78A0 /* ANEUtils.h */,
				4471AB712AD6B301008C78A0 /* ANEUtils.mm */,
				4471AB722AD6B302008C78A0 /* ANEGLFW_Mac.mm */,
				4471AB612AD6B2EB008C78A0 /* ANEGLFW_Mac.docc */,
			);
			path = "ANEGLFW-Mac";
			sourceTree = "<group>";
		};
		4471AB6B2AD6B2EB008C78A0 /* ANEGLFW-MacTests */ = {
			isa = PBXGroup;
			children = (
				4471AB6C2AD6B2EB008C78A0 /* ANEGLFW_MacTests.m */,
			);
			path = "ANEGLFW-MacTests";
			sourceTree = "<group>";
		};
/* End PBXGroup section */

/* Begin PBXHeadersBuildPhase section */
		4471AB582AD6B2EB008C78A0 /* Headers */ = {
			isa = PBXHeadersBuildPhase;
			buildActionMask = 2147483647;
			files = (
				4471AB6E2AD6B2EB008C78A0 /* ANEGLFW_Mac.h in Headers */,
				4471AB732AD6B303008C78A0 /* ANEUtils.h in Headers */,
			);
			runOnlyForDeploymentPostprocessing = 0;
		};
/* End PBXHeadersBuildPhase section */

/* Begin PBXNativeTarget section */
		4471AB5C2AD6B2EB008C78A0 /* ANEGLFW-Mac */ = {
			isa = PBXNativeTarget;
			buildConfigurationList = 4471AB712AD6B2EB008C78A0 /* Build configuration list for PBXNativeTarget "ANEGLFW-Mac" */;
			buildPhases = (
				4471AB582AD6B2EB008C78A0 /* Headers */,
				4471AB592AD6B2EB008C78A0 /* Sources */,
				4471AB5A2AD6B2EB008C78A0 /* Frameworks */,
				4471AB5B2AD6B2EB008C78A0 /* Resources */,
			);
			buildRules = (
			);
			dependencies = (
			);
			name = "ANEGLFW-Mac";
			productName = "ANEGLFW-Mac";
			productReference = 4471AB5D2AD6B2EB008C78A0 /* ANEGLFW_Mac.framework */;
			productType = "com.apple.product-type.framework";
		};
		4471AB662AD6B2EB008C78A0 /* ANEGLFW-MacTests */ = {
			isa = PBXNativeTarget;
			buildConfigurationList = 4471AB742AD6B2EB008C78A0 /* Build configuration list for PBXNativeTarget "ANEGLFW-MacTests" */;
			buildPhases = (
				4471AB632AD6B2EB008C78A0 /* Sources */,
				4471AB642AD6B2EB008C78A0 /* Frameworks */,
				4471AB652AD6B2EB008C78A0 /* Resources */,
			);
			buildRules = (
			);
			dependencies = (
				4471AB6A2AD6B2EB008C78A0 /* PBXTargetDependency */,
			);
			name = "ANEGLFW-MacTests";
			productName = "ANEGLFW-MacTests";
			productReference = 4471AB672AD6B2EB008C78A0 /* ANEGLFW-MacTests.xctest */;
			productType = "com.apple.product-type.bundle.unit-test";
		};
/* End PBXNativeTarget section */

/* Begin PBXProject section */
		4471AB542AD6B2EB008C78A0 /* Project object */ = {
			isa = PBXProject;
			attributes = {
				BuildIndependentTargetsInParallel = 1;
				LastUpgradeCheck = 1500;
				TargetAttributes = {
					4471AB5C2AD6B2EB008C78A0 = {
						CreatedOnToolsVersion = 15.0;
					};
					4471AB662AD6B2EB008C78A0 = {
						CreatedOnToolsVersion = 15.0;
					};
				};
			};
			buildConfigurationList = 4471AB572AD6B2EB008C78A0 /* Build configuration list for PBXProject "ANEGLFW-Mac" */;
			compatibilityVersion = "Xcode 14.0";
			developmentRegion = en;
			hasScannedForEncodings = 0;
			knownRegions = (
				en,
				Base,
			);
			mainGroup = 4471AB532AD6B2EB008C78A0;
			productRefGroup = 4471AB5E2AD6B2EB008C78A0 /* Products */;
			projectDirPath = "";
			projectRoot = "";
			targets = (
				4471AB5C2AD6B2EB008C78A0 /* ANEGLFW-Mac */,
				4471AB662AD6B2EB008C78A0 /* ANEGLFW-MacTests */,
			);
		};
/* End PBXProject section */

/* Begin PBXResourcesBuildPhase section */
		4471AB5B2AD6B2EB008C78A0 /* Resources */ = {
			isa = PBXResourcesBuildPhase;
			buildActionMask = 2147483647;
			files = (
			);
			runOnlyForDeploymentPostprocessing = 0;
		};
		4471AB652AD6B2EB008C78A0 /* Resources */ = {
			isa = PBXResourcesBuildPhase;
			buildActionMask = 2147483647;
			files = (
			);
			runOnlyForDeploymentPostprocessing = 0;
		};
/* End PBXResourcesBuildPhase section */

/* Begin PBXSourcesBuildPhase section */
		4471AB592AD6B2EB008C78A0 /* Sources */ = {
			isa = PBXSourcesBuildPhase;
			buildActionMask = 2147483647;
			files = (
				4471AB622AD6B2EB008C78A0 /* ANEGLFW_Mac.docc in Sources */,
				4471AB742AD6B304008C78A0 /* ANEUtils.mm in Sources */,
				4471AB752AD6B305008C78A0 /* ANEGLFW_Mac.mm in Sources */,
			);
			runOnlyForDeploymentPostprocessing = 0;
		};
		4471AB632AD6B2EB008C78A0 /* Sources */ = {
			isa = PBXSourcesBuildPhase;
			buildActionMask = 2147483647;
			files = (
				4471AB6D2AD6B2EB008C78A0 /* ANEGLFW_MacTests.m in Sources */,
			);
			runOnlyForDeploymentPostprocessing = 0;
		};
/* End PBXSourcesBuildPhase section */

/* Begin PBXTargetDependency section */
		4471AB6A2AD6B2EB008C78A0 /* PBXTargetDependency */ = {
			isa = PBXTargetDependency;
			target = 4471AB5C2AD6B2EB008C78A0 /* ANEGLFW-Mac */;
			targetProxy = 4471AB692AD6B2EB008C78A0 /* PBXContainerItemProxy */;
		};
/* End PBXTargetDependency section */

/* Begin XCBuildConfiguration section */
		4471AB6F2AD6B2EB008C78A0 /* Debug */ = {
			isa = XCBuildConfiguration;
			buildSettings = {
				ALWAYS_SEARCH_USER_PATHS = NO;
				ASSETCATALOG_COMPILER_GENERATE_SWIFT_ASSET_SYMBOL_EXTENSIONS = YES;
				CLANG_ANALYZER_NONNULL = YES;
				CLANG_ANALYZER_NUMBER_OBJECT_CONVERSION = YES_AGGRESSIVE;
				CLANG_CXX_LANGUAGE_STANDARD = "gnu++20";
				CLANG_ENABLE_MODULES = YES;
				CLANG_ENABLE_OBJC_ARC = YES;
				CLANG_ENABLE_OBJC_WEAK = YES;
				CLANG_WARN_BLOCK_CAPTURE_AUTORELEASING = YES;
				CLANG_WARN_BOOL_CONVERSION = YES;
				CLANG_WARN_COMMA = YES;
				CLANG_WARN_CONSTANT_CONVERSION = YES;
				CLANG_WARN_DEPRECATED_OBJC_IMPLEMENTATIONS = YES;
				CLANG_WARN_DIRECT_OBJC_ISA_USAGE = YES_ERROR;
				CLANG_WARN_DOCUMENTATION_COMMENTS = YES;
				CLANG_WARN_EMPTY_BODY = YES;
				CLANG_WARN_ENUM_CONVERSION = YES;
				CLANG_WARN_INFINITE_RECURSION = YES;
				CLANG_WARN_INT_CONVERSION = YES;
				CLANG_WARN_NON_LITERAL_NULL_CONVERSION = YES;
				CLANG_WARN_OBJC_IMPLICIT_RETAIN_SELF = YES;
				CLANG_WARN_OBJC_LITERAL_CONVERSION = YES;
				CLANG_WARN_OBJC_ROOT_CLASS = YES_ERROR;
				CLANG_WARN_QUOTED_INCLUDE_IN_FRAMEWORK_HEADER = YES;
				CLANG_WARN_RANGE_LOOP_ANALYSIS = YES;
				CLANG_WARN_STRICT_PROTOTYPES = YES;
				CLANG_WARN_SUSPICIOUS_MOVE = YES;
				CLANG_WARN_UNGUARDED_AVAILABILITY = YES_AGGRESSIVE;
				CLANG_WARN_UNREACHABLE_CODE = YES;
				CLANG_WARN__DUPLICATE_METHOD_MATCH = YES;
				COPY_PHASE_STRIP = NO;
				CURRENT_PROJECT_VERSION = 1;
				DEBUG_INFORMATION_FORMAT = dwarf;
				ENABLE_STRICT_OBJC_MSGSEND = YES;
				ENABLE_TESTABILITY = YES;
				ENABLE_USER_SCRIPT_SANDBOXING = YES;
				GCC_C_LANGUAGE_STANDARD = gnu17;
				GCC_DYNAMIC_NO_PIC = NO;
				GCC_NO_COMMON_BLOCKS = YES;
				GCC_OPTIMIZATION_LEVEL = 0;
				GCC_PREPROCESSOR_DEFINITIONS = (
					"DEBUG=1",
					"$(inherited)",
				);
				GCC_WARN_64_TO_32_BIT_CONVERSION = YES;
				GCC_WARN_ABOUT_RETURN_TYPE = YES_ERROR;
				GCC_WARN_UNDECLARED_SELECTOR = YES;
				GCC_WARN_UNINITIALIZED_AUTOS = YES_AGGRESSIVE;
				GCC_WARN_UNUSED_FUNCTION = YES;
				GCC_WARN_UNUSED_VARIABLE = YES;
				LOCALIZATION_PREFERS_STRING_CATALOGS = YES;
				MACOSX_DEPLOYMENT_TARGET = 14.0;
				MTL_ENABLE_DEBUG_INFO = INCLUDE_SOURCE;
				MTL_FAST_MATH = YES;
				ONLY_ACTIVE_ARCH = YES;
				SDKROOT = macosx;
				VERSIONING_SYSTEM = "apple-generic";
				VERSION_INFO_PREFIX = "";
			};
			name = Debug;
		};
		4471AB702AD6B2EB008C78A0 /* Release */ = {
			isa = XCBuildConfiguration;
			buildSettings = {
				ALWAYS_SEARCH_USER_PATHS = NO;
				ASSETCATALOG_COMPILER_GENERATE_SWIFT_ASSET_SYMBOL_EXTENSIONS = YES;
				CLANG_ANALYZER_NONNULL = YES;
				CLANG_ANALYZER_NUMBER_OBJECT_CONVERSION = YES_AGGRESSIVE;
				CLANG_CXX_LANGUAGE_STANDARD = "gnu++20";
				CLANG_ENABLE_MODULES = YES;
				CLANG_ENABLE_OBJC_ARC = YES;
				CLANG_ENABLE_OBJC_WEAK = YES;
				CLANG_WARN_BLOCK_CAPTURE_AUTORELEASING = YES;
				CLANG_WARN_BOOL_CONVERSION = YES;
				CLANG_WARN_COMMA = YES;
				CLANG_WARN_CONSTANT_CONVERSION = YES;
				CLANG_WARN_DEPRECATED_OBJC_IMPLEMENTATIONS = YES;
				CLANG_WARN_DIRECT_OBJC_ISA_USAGE = YES_ERROR;
				CLANG_WARN_DOCUMENTATION_COMMENTS = YES;
				CLANG_WARN_EMPTY_BODY = YES;
				CLANG_WARN_ENUM_CONVERSION = YES;
				CLANG_WARN_INFINITE_RECURSION = YES;
				CLANG_WARN_INT_CONVERSION = YES;
				CLANG_WARN_NON_LITERAL_NULL_CONVERSION = YES;
				CLANG_WARN_OBJC_IMPLICIT_RETAIN_SELF = YES;
				CLANG_WARN_OBJC_LITERAL_CONVERSION = YES;
				CLANG_WARN_OBJC_ROOT_CLASS = YES_ERROR;
				CLANG_WARN_QUOTED_INCLUDE_IN_FRAMEWORK_HEADER = YES;
				CLANG_WARN_RANGE_LOOP_ANALYSIS = YES;
				CLANG_WARN_STRICT_PROTOTYPES = YES;
				CLANG_WARN_SUSPICIOUS_MOVE = YES;
				CLANG_WARN_UNGUARDED_AVAILABILITY = YES_AGGRESSIVE;
				CLANG_WARN_UNREACHABLE_CODE = YES;
				CLANG_WARN__DUPLICATE_METHOD_MATCH = YES;
				COPY_PHASE_STRIP = NO;
				CURRENT_PROJECT_VERSION = 1;
				DEBUG_INFORMATION_FORMAT = "dwarf-with-dsym";
				ENABLE_NS_ASSERTIONS = NO;
				ENABLE_STRICT_OBJC_MSGSEND = YES;
				ENABLE_USER_SCRIPT_SANDBOXING = YES;
				GCC_C_LANGUAGE_STANDARD = gnu17;
				GCC_NO_COMMON_BLOCKS = YES;
				GCC_WARN_64_TO_32_BIT_CONVERSION = YES;
				GCC_WARN_ABOUT_RETURN_TYPE = YES_ERROR;
				GCC_WARN_UNDECLARED_SELECTOR = YES;
				GCC_WARN_UNINITIALIZED_AUTOS = YES_AGGRESSIVE;
				GCC_WARN_UNUSED_FUNCTION = YES;
				GCC_WARN_UNUSED_VARIABLE = YES;
				LOCALIZATION_PREFERS_STRING_CATALOGS = YES;
				MACOSX_DEPLOYMENT_TARGET = 14.0;
				MTL_ENABLE_DEBUG_INFO = NO;
				MTL_FAST_MATH = YES;
				SDKROOT = macosx;
				VERSIONING_SYSTEM = "apple-generic";
				VERSION_INFO_PREFIX = "";
			};
			name = Release;
		};
		4471AB722AD6B2EB008C78A0 /* Debug */ = {
			isa = XCBuildConfiguration;
			buildSettings = {
				CODE_SIGN_IDENTITY = "";
				COMBINE_HIDPI_IMAGES = YES;
				CURRENT_PROJECT_VERSION = 1;
				DEFINES_MODULE = YES;

				DYLIB_COMPATIBILITY_VERSION = 1;
				DYLIB_CURRENT_VERSION = 1;
				DYLIB_INSTALL_NAME_BASE = "@rpath";
				ENABLE_MODULE_VERIFIER = YES;
				GENERATE_INFOPLIST_FILE = YES;
				HEADER_SEARCH_PATHS = (
					"../../3rdparty/glfw/mac/include",
					"../../3rdparty/glad/include",
					"../../3rdparty/glad/include/KHR",
					"../../3rdparty/glm",
					"../../3rdparty/airsdk",
				);
				INFOPLIST_KEY_NSHumanReadableCopyright = "";
				INSTALL_PATH = "$(LOCAL_LIBRARY_DIR)/Frameworks";
				LD_RUNPATH_SEARCH_PATHS = (
					"$(inherited)",
					"@executable_path/../Frameworks",
					"@loader_path/Frameworks",
				);
				LIBRARY_SEARCH_PATHS = (
					"$(inherited)",
					"../../3rdparty/glfw/mac/lib",
					"../../3rdparty/glad",
				);
				MACOSX_DEPLOYMENT_TARGET = 12.0;
				MARKETING_VERSION = 1.0;
				MODULE_VERIFIER_SUPPORTED_LANGUAGES = "objective-c objective-c++";
				MODULE_VERIFIER_SUPPORTED_LANGUAGE_STANDARDS = "gnu17 gnu++20";
				OTHER_LDFLAGS = (
					"-lglfw3",
					"-lglad",
					"-framework",
					Cocoa,
					"-framework",
					IOKit,
					"-framework",
					CoreVideo,
					"-framework",
					OpenGL,
				);
				PRODUCT_BUNDLE_IDENTIFIER = "com.vsdevelop.air.extension.glfw.ANEGLFW-Mac";
				PRODUCT_NAME = "$(TARGET_NAME:c99extidentifier)";
				SKIP_INSTALL = YES;
				SWIFT_EMIT_LOC_STRINGS = YES;
			};
			name = Debug;
		};
		4471AB732AD6B2EB008C78A0 /* Release */ = {
			isa = XCBuildConfiguration;
			buildSettings = {
				CODE_SIGN_IDENTITY = "";
				COMBINE_HIDPI_IMAGES = YES;
				CURRENT_PROJECT_VERSION = 1;
				DEFINES_MODULE = YES;
				DYLIB_COMPATIBILITY_VERSION = 1;
				DYLIB_CURRENT_VERSION = 1;
				DYLIB_INSTALL_NAME_BASE = "@rpath";
				ENABLE_MODULE_VERIFIER = YES;
				GENERATE_INFOPLIST_FILE = YES;
				HEADER_SEARCH_PATHS = (
					"$(inherited)",
					"../../3rdparty/glfw/mac/include",
					"../../3rdparty/glad/include",
					"../../3rdparty/glad/include/KHR",
					"../../3rdparty/glm",
					"../../3rdparty/airsdk",
				);
				INFOPLIST_KEY_NSHumanReadableCopyright = "";
				INSTALL_PATH = "$(LOCAL_LIBRARY_DIR)/Frameworks";
				LD_RUNPATH_SEARCH_PATHS = (
					"$(inherited)",
					"@executable_path/../Frameworks",
					"@loader_path/Frameworks",
				);
				LIBRARY_SEARCH_PATHS = (
					"$(inherited)",
					"../../3rdparty/glfw/mac/lib",
					"../../3rdparty/glad",
				);
				MACOSX_DEPLOYMENT_TARGET = 12.0;
				MARKETING_VERSION = 1.0;
				MODULE_VERIFIER_SUPPORTED_LANGUAGES = "objective-c objective-c++";
				MODULE_VERIFIER_SUPPORTED_LANGUAGE_STANDARDS = "gnu17 gnu++20";
				OTHER_LDFLAGS = (
					"-lglfw3",
					"-lglad",
					"-framework",
					Cocoa,
					"-framework",
					IOKit,
					"-framework",
					CoreVideo,
					"-framework",
					OpenGL,
				);
				PRODUCT_BUNDLE_IDENTIFIER = "com.vsdevelop.air.extension.glfw.ANEGLFW-Mac";
				PRODUCT_NAME = "$(TARGET_NAME:c99extidentifier)";
				SKIP_INSTALL = YES;
				SWIFT_EMIT_LOC_STRINGS = YES;
			};
			name = Release;
		};
		4471AB752AD6B2EB008C78A0 /* Debug */ = {
			isa = XCBuildConfiguration;
			buildSettings = {
				CODE_SIGN_STYLE = Automatic;
				CURRENT_PROJECT_VERSION = 1;
				DEVELOPMENT_TEAM = 884R4CPE3U;
				GENERATE_INFOPLIST_FILE = YES;
				MARKETING_VERSION = 1.0;
				PRODUCT_BUNDLE_IDENTIFIER = "com.vsdevelop.air.extension.glfw.ANEGLFW-MacTests";
				PRODUCT_NAME = "$(TARGET_NAME)";
				SWIFT_EMIT_LOC_STRINGS = NO;
			};
			name = Debug;
		};
		4471AB762AD6B2EB008C78A0 /* Release */ = {
			isa = XCBuildConfiguration;
			buildSettings = {
				CODE_SIGN_STYLE = Automatic;
				CURRENT_PROJECT_VERSION = 1;
				DEVELOPMENT_TEAM = 884R4CPE3U;
				GENERATE_INFOPLIST_FILE = YES;
				MARKETING_VERSION = 1.0;
				PRODUCT_BUNDLE_IDENTIFIER = "com.vsdevelop.air.extension.glfw.ANEGLFW-MacTests";
				PRODUCT_NAME = "$(TARGET_NAME)";
				SWIFT_EMIT_LOC_STRINGS = NO;
			};
			name = Release;
		};
/* End XCBuildConfiguration section */

/* Begin XCConfigurationList section */
		4471AB572AD6B2EB008C78A0 /* Build configuration list for PBXProject "ANEGLFW-Mac" */ = {
			isa = XCConfigurationList;
			buildConfigurations = (
				4471AB6F2AD6B2EB008C78A0 /* Debug */,
				4471AB702AD6B2EB008C78A0 /* Release */,
			);
			defaultConfigurationIsVisible = 0;
			defaultConfigurationName = Release;
		};
		4471AB712AD6B2EB008C78A0 /* Build configuration list for PBXNativeTarget "ANEGLFW-Mac" */ = {
			isa = XCConfigurationList;
			buildConfigurations = (
				4471AB722AD6B2EB008C78A0 /* Debug */,
				4471AB732AD6B2EB008C78A0 /* Release */,
			);
			defaultConfigurationIsVisible = 0;
			defaultConfigurationName = Release;
		};
		4471AB742AD6B2EB008C78A0 /* Build configuration list for PBXNativeTarget "ANEGLFW-MacTests" */ = {
			isa = XCConfigurationList;
			buildConfigurations = (
				4471AB752AD6B2EB008C78A0 /* Debug */,
				4471AB762AD6B2EB008C78A0 /* Release */,
			);
			defaultConfigurationIsVisible = 0;
			defaultConfigurationName = Release;
		};
/* End XCConfigurationList section */
	};
	rootObject = 4471AB542AD6B2EB008C78A0 /* Project object */;
}
